
Microsoft Visual Studio Solution File, Format Version 12.00
# Visual Studio Version 17
VisualStudioVersion = 17.10.35122.118
MinimumVisualStudioVersion = 10.0.40219.1
Project("{FAE04EC0-301F-11D3-BF4B-00C04F79EFBC}") = "MyAPI", "MyAPI\MyAPI.csproj", "{DF3B8853-0DF9-4D6C-B64F-13D9A693BFFA}"
EndProject
Global
	GlobalSection(SolutionConfigurationPlatforms) = preSolution
		Debug|Any CPU = Debug|Any CPU
		Release|Any CPU = Release|Any CPU
	EndGlobalSection
	GlobalSection(ProjectConfigurationPlatforms) = postSolution
		{DF3B8853-0DF9-4D6C-B64F-13D9A693BFFA}.Debug|Any CPU.ActiveCfg = Debug|Any CPU
		{DF3B8853-0DF9-4D6C-B64F-13D9A693BFFA}.Debug|Any CPU.Build.0 = Debug|Any CPU
		{DF3B8853-0DF9-4D6C-B64F-13D9A693BFFA}.Release|Any CPU.ActiveCfg = Release|Any CPU
		{DF3B8853-0DF9-4D6C-B64F-13D9A693BFFA}.Release|Any CPU.Build.0 = Release|Any CPU
	EndGlobalSection
	GlobalSection(SolutionProperties) = preSolution
		HideSolutionNode = FALSE
	EndGlobalSection
	GlobalSection(ExtensibilityGlobals) = postSolution
		SolutionGuid = {1D326C26-AA6B-4060-84D7-6D2DC37BF913}
	EndGlobalSection
EndGlobal
